version = 1
revision = 2
requires-python = ">=3.12"

[[package]]
name = "annotated-types"
version = "0.7.0"
source = { registry = "https://pypi.org/simple" }
sdist = { url = "https://files.pythonhosted.org/packages/ee/67/531ea369ba64dcff5ec9c3402f9f51bf748cec26dde048a2f973a4eea7f5/annotated_types-0.7.0.tar.gz", hash = "sha256:aff07c09a53a08bc8cfccb9c85b05f1aa9a2a6f23728d790723543408344ce89", size = 16081, upload-time = "2024-05-20T21:33:25.928Z" }
wheels = [
    { url = "https://files.pythonhosted.org/packages/78/b6/6307fbef88d9b5ee7421e68d78a9f162e0da4900bc5f5793f6d3d0e34fb8/annotated_types-0.7.0-py3-none-any.whl", hash = "sha256:1f02e8b43a8fbbc3f3e0d4f0f4bfc8131bcb4eebe8849b8e5c773f3a1c582a53", size = 13643, upload-time = "2024-05-20T21:33:24.1Z" },
]

[[package]]
name = "antlr4-python3-runtime"
version = "4.7.2"
source = { registry = "https://pypi.org/simple" }
sdist = { url = "https://files.pythonhosted.org/packages/29/14/8ac135ec7cc9db3f768e2d032776718c6b23f74e63543f0974b4873500b2/antlr4-python3-runtime-4.7.2.tar.gz", hash = "sha256:168cdcec8fb9152e84a87ca6fd261b3d54c8f6358f42ab3b813b14a7193bb50b", size = 112278, upload-time = "2018-12-18T18:50:52.313Z" }

[[package]]
name = "anyio"
version = "4.9.0"
source = { registry = "https://pypi.org/simple" }
dependencies = [
    { name = "idna" },
    { name = "sniffio" },
    { name = "typing-extensions", marker = "python_full_version < '3.13'" },
]
sdist = { url = "https://files.pythonhosted.org/packages/95/7d/4c1bd541d4dffa1b52bd83fb8527089e097a106fc90b467a7313b105f840/anyio-4.9.0.tar.gz", hash = "sha256:673c0c244e15788651a4ff38710fea9675823028a6f08a5eda409e0c9840a028", size = 190949, upload-time = "2025-03-17T00:02:54.77Z" }
wheels = [
    { url = "https://files.pythonhosted.org/packages/a1/ee/48ca1a7c89ffec8b6a0c5d02b89c305671d5ffd8d3c94acf8b8c408575bb/anyio-4.9.0-py3-none-any.whl", hash = "sha256:9f76d541cad6e36af7beb62e978876f3b41e3e04f2c1fbf0884604c0a9c4d93c", size = 100916, upload-time = "2025-03-17T00:02:52.713Z" },
]

[[package]]
name = "click"
version = "8.2.1"
source = { registry = "https://pypi.org/simple" }
dependencies = [
    { name = "colorama", marker = "sys_platform == 'win32'" },
]
sdist = { url = "https://files.pythonhosted.org/packages/60/6c/8ca2efa64cf75a977a0d7fac081354553ebe483345c734fb6b6515d96bbc/click-8.2.1.tar.gz", hash = "sha256:27c491cc05d968d271d5a1db13e3b5a184636d9d930f148c50b038f0d0646202", size = 286342, upload-time = "2025-05-20T23:19:49.832Z" }
wheels = [
    { url = "https://files.pythonhosted.org/packages/85/32/10bb5764d90a8eee674e9dc6f4db6a0ab47c8c4d0d83c27f7c39ac415a4d/click-8.2.1-py3-none-any.whl", hash = "sha256:61a3265b914e850b85317d0b3109c7f8cd35a670f963866005d6ef1d5175a12b", size = 102215, upload-time = "2025-05-20T23:19:47.796Z" },
]

[[package]]
name = "colorama"
version = "0.4.6"
source = { registry = "https://pypi.org/simple" }
sdist = { url = "https://files.pythonhosted.org/packages/d8/53/6f443c9a4a8358a93a6792e2acffb9d9d5cb0a5cfd8802644b7b1c9a02e4/colorama-0.4.6.tar.gz", hash = "sha256:08695f5cb7ed6e0531a20572697297273c47b8cae5a63ffc6d6ed5c201be6e44", size = 27697, upload-time = "2022-10-25T02:36:22.414Z" }
wheels = [
    { url = "https://files.pythonhosted.org/packages/d1/d6/3965ed04c63042e047cb6a3e6ed1a63a35087b6a609aa3a15ed8ac56c221/colorama-0.4.6-py2.py3-none-any.whl", hash = "sha256:4f1d9991f5acc0ca119f9d443620b77f9d6b33703e51011c16baf57afb285fc6", size = 25335, upload-time = "2022-10-25T02:36:20.889Z" },
]

[[package]]
name = "fastapi"
version = "0.115.12"
source = { registry = "https://pypi.org/simple" }
dependencies = [
    { name = "pydantic" },
    { name = "starlette" },
    { name = "typing-extensions" },
]
sdist = { url = "https://files.pythonhosted.org/packages/f4/55/ae499352d82338331ca1e28c7f4a63bfd09479b16395dce38cf50a39e2c2/fastapi-0.115.12.tar.gz", hash = "sha256:1e2c2a2646905f9e83d32f04a3f86aff4a286669c6c950ca95b5fd68c2602681", size = 295236, upload-time = "2025-03-23T22:55:43.822Z" }
wheels = [
    { url = "https://files.pythonhosted.org/packages/50/b3/b51f09c2ba432a576fe63758bddc81f78f0c6309d9e5c10d194313bf021e/fastapi-0.115.12-py3-none-any.whl", hash = "sha256:e94613d6c05e27be7ffebdd6ea5f388112e5e430c8f7d6494a9d1d88d43e814d", size = 95164, upload-time = "2025-03-23T22:55:42.101Z" },
]

[[package]]
name = "grpcio"
version = "1.72.1"
source = { registry = "https://pypi.org/simple" }
sdist = { url = "https://files.pythonhosted.org/packages/fe/45/ff8c80a5a2e7e520d9c4d3c41484a11d33508253f6f4dd06d2c4b4158999/grpcio-1.72.1.tar.gz", hash = "sha256:87f62c94a40947cec1a0f91f95f5ba0aa8f799f23a1d42ae5be667b6b27b959c", size = 12584286, upload-time = "2025-06-02T10:14:11.595Z" }
wheels = [
    { url = "https://files.pythonhosted.org/packages/63/c7/df1432747d3a2b6659acfeaf28ca0e0f28c2258d8e4a7919fa72e780dfe2/grpcio-1.72.1-cp312-cp312-linux_armv7l.whl", hash = "sha256:65a5ef28e5852bd281c6d01a923906e8036736e95e370acab8626fcbec041e67", size = 5183091, upload-time = "2025-06-02T10:09:25.965Z" },
    { url = "https://files.pythonhosted.org/packages/0b/98/c68a9ecff8a87fd901996a2f2b1b1fbc7fb4b84745554b4b6aad17ebb2c0/grpcio-1.72.1-cp312-cp312-macosx_11_0_universal2.whl", hash = "sha256:9e5c594a6c779d674204fb9bdaa1e7b71666ff10b34a62e7769fc6868b5d7511", size = 10310217, upload-time = "2025-06-02T10:09:28.844Z" },
    { url = "https://files.pythonhosted.org/packages/8e/36/47e92db463dbd3a7548826a23ceb6268398e3adeaf319f3620d6077d1923/grpcio-1.72.1-cp312-cp312-manylinux_2_17_aarch64.whl", hash = "sha256:d324f4bdb990d852d79b38c59a12d24fcd47cf3b1a38f2e4d2b6d0b1031bc818", size = 5583760, upload-time = "2025-06-02T10:09:32.582Z" },
    { url = "https://files.pythonhosted.org/packages/90/45/a3f6518e74936ff1aeb35b6df2d7e305d64c64ff250c93f44691e4c61809/grpcio-1.72.1-cp312-cp312-manylinux_2_17_i686.manylinux2014_i686.whl", hash = "sha256:841db55dd29cf2f4121b853b2f89813a1b6175163fbb92c5945fb1b0ca259ef2", size = 6226190, upload-time = "2025-06-02T10:09:35.769Z" },
    { url = "https://files.pythonhosted.org/packages/19/45/e94c04b5f8eb1faf101d5a51d0f2a7cf32c8941140773432ee8a5a9f3c66/grpcio-1.72.1-cp312-cp312-manylinux_2_17_x86_64.manylinux2014_x86_64.whl", hash = "sha256:00da930aa2711b955a538e835096aa365a4b7f2701bdc2ce1febb242a103f8a1", size = 5823977, upload-time = "2025-06-02T10:09:37.971Z" },
    { url = "https://files.pythonhosted.org/packages/f8/69/f0545eee182976aa78f7a16e7cc7867755f63983a07b61c95081fa1e7b75/grpcio-1.72.1-cp312-cp312-musllinux_1_1_aarch64.whl", hash = "sha256:4b657773480267fbb7ad733fa85abc103c52ab62e5bc97791faf82c53836eefc", size = 5941314, upload-time = "2025-06-02T10:09:40.227Z" },
    { url = "https://files.pythonhosted.org/packages/7d/e3/fe8b207758aeb315e6fe3f6a97051eb2b46fee8f0bf3e209b849fc4a4097/grpcio-1.72.1-cp312-cp312-musllinux_1_1_i686.whl", hash = "sha256:a08b483f17a6abca2578283a7ae3aa8d4d90347242b0de2898bdb27395c3f20b", size = 6569329, upload-time = "2025-06-02T10:09:43.117Z" },
    { url = "https://files.pythonhosted.org/packages/a7/d3/b728115d9e4e9875673b51e84cac05b500f658c36a0319f5a475f2f4f4e6/grpcio-1.72.1-cp312-cp312-musllinux_1_1_x86_64.whl", hash = "sha256:299f3ea4e03c1d0548f4a174b48d612412f92c667f2100e30a079ab76fdaa813", size = 6117842, upload-time = "2025-06-02T10:09:46.089Z" },
    { url = "https://files.pythonhosted.org/packages/f5/95/e684925de5385b0eda45cf33486d19747f48ac1663b28734178bfeff7762/grpcio-1.72.1-cp312-cp312-win32.whl", hash = "sha256:addc721a3708ff789da1bf69876018dc730c1ec9d3d3cb6912776a00c535a5bc", size = 3545882, upload-time = "2025-06-02T10:09:48.124Z" },
    { url = "https://files.pythonhosted.org/packages/3e/e0/7732afef82ac92a3eaf635546f077ec96e59fe7b7b6729d6607589396cda/grpcio-1.72.1-cp312-cp312-win_amd64.whl", hash = "sha256:22ea2aa92a60dff231ba5fcd7f0220a33c2218e556009996f858eeafe294d1c2", size = 4221058, upload-time = "2025-06-02T10:09:50.926Z" },
    { url = "https://files.pythonhosted.org/packages/c3/69/219b0df426cf187535254825b4d4eda8ed3d3bc7dc844725a1ed14f642bf/grpcio-1.72.1-cp313-cp313-linux_armv7l.whl", hash = "sha256:294be6e9c323a197434569a41e0fb5b5aa0962fd5d55a3dc890ec5df985f611a", size = 5183578, upload-time = "2025-06-02T10:09:53.151Z" },
    { url = "https://files.pythonhosted.org/packages/b2/34/a5a5e037a862b2e90c1465791e091d3d2965d893d90dda6c1e7c0a991eb8/grpcio-1.72.1-cp313-cp313-macosx_11_0_universal2.whl", hash = "sha256:41ec164dac8df2862f67457d9cdf8d8f8b6a4ca475a3ed1ba6547fff98d93717", size = 10306253, upload-time = "2025-06-02T10:09:55.629Z" },
    { url = "https://files.pythonhosted.org/packages/56/8a/8aa932e3833e45772015b2c4a2ebf61649633698f24a84bf55477230b019/grpcio-1.72.1-cp313-cp313-manylinux_2_17_aarch64.whl", hash = "sha256:761736f75c6ddea3732d97eaabe70c616271f5f542a8be95515135fdd1a638f6", size = 5586381, upload-time = "2025-06-02T10:09:58.538Z" },
    { url = "https://files.pythonhosted.org/packages/0e/43/aff1cc76f8e04a060ec8e733d3c91e198ea9f1602a2a26f05db4185aa2dd/grpcio-1.72.1-cp313-cp313-manylinux_2_17_i686.manylinux2014_i686.whl", hash = "sha256:082003cb93618964c111c70d69b60ac0dc6566d4c254c9b2a775faa2965ba8f8", size = 6231049, upload-time = "2025-06-02T10:10:00.827Z" },
    { url = "https://files.pythonhosted.org/packages/64/6e/89e5692ee8b67cedcf802553c77538cc0e21c392b37dd51525d89884db17/grpcio-1.72.1-cp313-cp313-manylinux_2_17_x86_64.manylinux2014_x86_64.whl", hash = "sha256:8660f736da75424949c14f7c8b1ac60a25b2f37cabdec95181834b405373e8a7", size = 5826465, upload-time = "2025-06-02T10:10:03.236Z" },
    { url = "https://files.pythonhosted.org/packages/b2/09/bc0b2ea40f797f413f1db4a33dc83c562918b8f970938144756bced82414/grpcio-1.72.1-cp313-cp313-musllinux_1_1_aarch64.whl", hash = "sha256:2ada1abe2ad122b42407b2bfd79d6706a4940d4797f44bd740f5c98ca1ecda9b", size = 5944393, upload-time = "2025-06-02T10:10:05.778Z" },
    { url = "https://files.pythonhosted.org/packages/54/92/9aa2c0c8d855e5b16062ec023ac0a1500b502790bbd724262f188253e90b/grpcio-1.72.1-cp313-cp313-musllinux_1_1_i686.whl", hash = "sha256:0db2766d0c482ee740abbe7d00a06cc4fb54f7e5a24d3cf27c3352be18a2b1e8", size = 6573460, upload-time = "2025-06-02T10:10:08.33Z" },
    { url = "https://files.pythonhosted.org/packages/aa/27/9fdfd66f65ab7e6a4477f7d0b7adf25171d3425760f138f075bc548f6bf4/grpcio-1.72.1-cp313-cp313-musllinux_1_1_x86_64.whl", hash = "sha256:c4bdb404d9c2187260b34e2b22783c204fba8a9023a166cf77376190d9cf5a08", size = 6120589, upload-time = "2025-06-02T10:10:11.06Z" },
    { url = "https://files.pythonhosted.org/packages/c3/f3/630c7a00a29001e0b82763fbd50ddcaa7c656d521f29aa58a6c8dd2b7800/grpcio-1.72.1-cp313-cp313-win32.whl", hash = "sha256:bb64722c3124c906a5b66e50a90fd36442642f653ba88a24f67d08e94bca59f3", size = 3545905, upload-time = "2025-06-02T10:10:13.521Z" },
    { url = "https://files.pythonhosted.org/packages/c4/10/b6186e92eba035315affc30dfeabf65594dd6f778b92627fae5f40e7beec/grpcio-1.72.1-cp313-cp313-win_amd64.whl", hash = "sha256:329cc6ff5b431df9614340d3825b066a1ff0a5809a01ba2e976ef48c65a0490b", size = 4221454, upload-time = "2025-06-02T10:10:16.73Z" },
]

[[package]]
name = "grpcio-reflection"
version = "1.72.1"
source = { registry = "https://pypi.org/simple" }
dependencies = [
    { name = "grpcio" },
    { name = "protobuf" },
]
sdist = { url = "https://files.pythonhosted.org/packages/18/f9/0caad91ed65e1d808d4a7607c872d1b1330bc24830e44347f4c76ec491ac/grpcio_reflection-1.72.1.tar.gz", hash = "sha256:f04f0c8c21937162c3a7d2b9532a42e568fd4096327bec8eb1cff8e7d8146150", size = 18836, upload-time = "2025-06-02T10:14:22.471Z" }
wheels = [
    { url = "https://files.pythonhosted.org/packages/ad/aa/f365f10d1e732f38e7cc10d25b8c9f79c6d3cb18c697048afdc30a121df7/grpcio_reflection-1.72.1-py3-none-any.whl", hash = "sha256:f02391bc48962f3d4790c2dd2e847437f0f232f09457ad6be097168074f8e1a5", size = 22690, upload-time = "2025-06-02T10:12:01.301Z" },
]

[[package]]
name = "grpcio-tools"
version = "1.72.1"
source = { registry = "https://pypi.org/simple" }
dependencies = [
    { name = "grpcio" },
    { name = "protobuf" },
    { name = "setuptools" },
]
sdist = { url = "https://files.pythonhosted.org/packages/40/ed/4fa90629c410f8e07f9d9d6ab20fbf8e219540adc85ab2fa210ccdc59756/grpcio_tools-1.72.1.tar.gz", hash = "sha256:a11afb21d0e960eb41f3c3053206e9271ec42579582c13193b99a0dca6be86d1", size = 5404888, upload-time = "2025-06-02T10:14:26.741Z" }
wheels = [
    { url = "https://files.pythonhosted.org/packages/59/9f/36dff98b3307c60259da82fd570724663bcd75b646ebf0d0620629b6ddd5/grpcio_tools-1.72.1-cp312-cp312-linux_armv7l.whl", hash = "sha256:278330ce67fad1552fa1cd50bb606d8a75b45e6e5f08a53411e64bc925a8cb90", size = 2391427, upload-time = "2025-06-02T10:12:51.676Z" },
    { url = "https://files.pythonhosted.org/packages/b8/d7/27da7306e544605282193c46e1d1fa972e439ad0c1f25a46616c2ca29b79/grpcio_tools-1.72.1-cp312-cp312-macosx_11_0_universal2.whl", hash = "sha256:9d5eab6cc9953f45ba0046cb4a1b3822c884a81f77fe87b6a94fa65224602d17", size = 5529753, upload-time = "2025-06-02T10:12:54.023Z" },
    { url = "https://files.pythonhosted.org/packages/5f/73/38012e22eff5b8c9ca6a2071000b80b13d7fb451b9ef6f6566741b279a57/grpcio_tools-1.72.1-cp312-cp312-manylinux_2_17_aarch64.whl", hash = "sha256:3781920e1fe2077043e2894c81f817600c0947678ca3fc7feeea3f8e6d759e64", size = 2358439, upload-time = "2025-06-02T10:12:56.502Z" },
    { url = "https://files.pythonhosted.org/packages/a2/1b/abbdb15ff6a85cd4f903f44ee350f78b9ed0e63f211c1763a8d258e588a5/grpcio_tools-1.72.1-cp312-cp312-manylinux_2_17_i686.manylinux2014_i686.whl", hash = "sha256:d45da8f3733b2787ed41ea6f9d7dabde35736ae79e623905f7193abc7751e89e", size = 2746095, upload-time = "2025-06-02T10:13:02.345Z" },
    { url = "https://files.pythonhosted.org/packages/77/68/9c3f6b8ec9249c9d2017093442f9bc905cc858ea1bc8a3d7d7eb1453ef47/grpcio_tools-1.72.1-cp312-cp312-manylinux_2_17_x86_64.manylinux2014_x86_64.whl", hash = "sha256:d913853284380eceb795fbe65bd70675492316e983786daa0a52ef46c03c4402", size = 2479687, upload-time = "2025-06-02T10:13:05.084Z" },
    { url = "https://files.pythonhosted.org/packages/98/72/d6cc50c916aab0bfd5616893ae5e99a1d580f476adab7388236e5a5416cf/grpcio_tools-1.72.1-cp312-cp312-musllinux_1_1_aarch64.whl", hash = "sha256:260fccf562af3db4742c615bb31f828c75d0bc15a15d4bce9250920029160992", size = 2878076, upload-time = "2025-06-02T10:13:07.252Z" },
    { url = "https://files.pythonhosted.org/packages/37/4a/01b200bfe9b8015b08dbee1a1b43d523a16f92f878adbe1a8db78ac4e707/grpcio_tools-1.72.1-cp312-cp312-musllinux_1_1_i686.whl", hash = "sha256:6475ad34b420a15b0964c2ae0f223d485758917cd08a3935b934e1acb1f199e8", size = 3328513, upload-time = "2025-06-02T10:13:09.443Z" },
    { url = "https://files.pythonhosted.org/packages/10/68/1b517e3b3f096f1bc1dc7923e3771792d749f00ac6b325170d3e88101c5e/grpcio_tools-1.72.1-cp312-cp312-musllinux_1_1_x86_64.whl", hash = "sha256:ea4bcc240ca4c89121cffa395fef55a7bc1bafd1140bfed6ca02f6346b9b9b73", size = 2944597, upload-time = "2025-06-02T10:13:11.45Z" },
    { url = "https://files.pythonhosted.org/packages/4a/e7/71418b1498db8a0c91c1ab7986a7c05912cf60a21d0c22f06b60ff86cf19/grpcio_tools-1.72.1-cp312-cp312-win32.whl", hash = "sha256:7b64ed249b482fc5f8a368c888f3b16e08120249a463ec293ae719e01a700c97", size = 950503, upload-time = "2025-06-02T10:13:13.264Z" },
    { url = "https://files.pythonhosted.org/packages/03/3d/6141b1e1b758c2dc8a1ebc8cc1dc314db639334c9787d5965e6a16f41dd4/grpcio_tools-1.72.1-cp312-cp312-win_amd64.whl", hash = "sha256:0a086ca0b745cad77829cd3ae1219317be677dcb912f778b1c420edc585cca4c", size = 1119888, upload-time = "2025-06-02T10:13:15.794Z" },
    { url = "https://files.pythonhosted.org/packages/8f/af/68e9e6bb196cbd161a4a0bfae980ff20fa75a9705be00c61a019bb45fa40/grpcio_tools-1.72.1-cp313-cp313-linux_armv7l.whl", hash = "sha256:7080195537e28497078b6738aa2c24dc35d3bda183fa1bbe2d76d65181f10ef5", size = 2390855, upload-time = "2025-06-02T10:13:18.097Z" },
    { url = "https://files.pythonhosted.org/packages/1b/67/f5be3c0a77c3a32560d440cce651b6d18350485c21128aa2178e46a6ec84/grpcio_tools-1.72.1-cp313-cp313-macosx_11_0_universal2.whl", hash = "sha256:858e78324fe40664c367e9047c02d5c44fc1fc35034f3b70fe9bd4b6b112f425", size = 5526981, upload-time = "2025-06-02T10:13:20.529Z" },
    { url = "https://files.pythonhosted.org/packages/16/e8/328433b4c1ae8d5c66a6cf1a0dbbcd45d5f98c015b764a7f8ad295857f72/grpcio_tools-1.72.1-cp313-cp313-manylinux_2_17_aarch64.whl", hash = "sha256:55128065d4ad006912462b2927e5b546f15fa95e2858f680aeac57ac8e4abc1f", size = 2357672, upload-time = "2025-06-02T10:13:22.701Z" },
    { url = "https://files.pythonhosted.org/packages/b9/26/5fb0c355afe31e0fce0ba181e3eb54368274dd4ab68ba7011c608aa8f0f4/grpcio_tools-1.72.1-cp313-cp313-manylinux_2_17_i686.manylinux2014_i686.whl", hash = "sha256:1cb8a71190e344acec4dc764be1a732d1b9deda5290ce5a206cc52d41140f8c3", size = 2745858, upload-time = "2025-06-02T10:13:24.894Z" },
    { url = "https://files.pythonhosted.org/packages/8b/d1/545dc50928b3bc57fde47737a0abc40d8fc5334a57111eed8522e777150d/grpcio_tools-1.72.1-cp313-cp313-manylinux_2_17_x86_64.manylinux2014_x86_64.whl", hash = "sha256:84cca6388e91aa328fd9fa4e6a649b8304e18df0147c2a8209da1f720b82fdde", size = 2479238, upload-time = "2025-06-02T10:13:26.934Z" },
    { url = "https://files.pythonhosted.org/packages/e0/31/6a2419fd41342e1383a99fe179bf9c481387dabe1a826ab6759738702763/grpcio_tools-1.72.1-cp313-cp313-musllinux_1_1_aarch64.whl", hash = "sha256:899c72d546fe2ffc1095b12e0bd0c436bbe7e88f82122a403110427a5d8c82ff", size = 2877527, upload-time = "2025-06-02T10:13:30.106Z" },
    { url = "https://files.pythonhosted.org/packages/8b/24/34cb12e2ab7ceb4b44ed5cfaea653195c2c2d7241361ac98ebca7494d56c/grpcio_tools-1.72.1-cp313-cp313-musllinux_1_1_i686.whl", hash = "sha256:e77d7fe675607b0377128c115de8109f1d8fe5a01f051d63670353b497be5254", size = 3328177, upload-time = "2025-06-02T10:13:32.622Z" },
    { url = "https://files.pythonhosted.org/packages/41/1b/d7cceafeefafbc9de88c6260c5fffba888def63d977891e34e9543987a22/grpcio_tools-1.72.1-cp313-cp313-musllinux_1_1_x86_64.whl", hash = "sha256:0bf1dd03c3107057cc0dda8614a13034cc9a15b50cb6e2605f33b1be1a0a6c61", size = 2944043, upload-time = "2025-06-02T10:13:35.341Z" },
    { url = "https://files.pythonhosted.org/packages/72/bb/9415cde98f88dd983e1e1bc89f785b189152b8ae8557575953aba39febf5/grpcio_tools-1.72.1-cp313-cp313-win32.whl", hash = "sha256:1cb51b201e5f0634c0cabd4e8b82c0b0ff69672a8835f4285be28f84002b4edb", size = 950370, upload-time = "2025-06-02T10:13:37.551Z" },
    { url = "https://files.pythonhosted.org/packages/3c/1b/86273d4e15ac5fea4966a2b16ba565c04a57aa9879edf186fa7a577d914e/grpcio_tools-1.72.1-cp313-cp313-win_amd64.whl", hash = "sha256:cac4f14e87ea0f736233662797e01aa33389781b40b49e42c8ed5d9b86f70626", size = 1119566, upload-time = "2025-06-02T10:13:40.685Z" },
]

[[package]]
name = "h11"
version = "0.16.0"
source = { registry = "https://pypi.org/simple" }
sdist = { url = "https://files.pythonhosted.org/packages/01/ee/02a2c011bdab74c6fb3c75474d40b3052059d95df7e73351460c8588d963/h11-0.16.0.tar.gz", hash = "sha256:4e35b956cf45792e4caa5885e69fba00bdbc6ffafbfa020300e549b208ee5ff1", size = 101250, upload-time = "2025-04-24T03:35:25.427Z" }
wheels = [
    { url = "https://files.pythonhosted.org/packages/04/4b/29cac41a4d98d144bf5f6d33995617b185d14b22401f75ca86f384e87ff1/h11-0.16.0-py3-none-any.whl", hash = "sha256:63cf8bbe7522de3bf65932fda1d9c2772064ffb3dae62d55932da54b31cb6c86", size = 37515, upload-time = "2025-04-24T03:35:24.344Z" },
]

[[package]]
name = "idna"
version = "3.10"
source = { registry = "https://pypi.org/simple" }
sdist = { url = "https://files.pythonhosted.org/packages/f1/70/7703c29685631f5a7590aa73f1f1d3fa9a380e654b86af429e0934a32f7d/idna-3.10.tar.gz", hash = "sha256:12f65c9b470abda6dc35cf8e63cc574b1c52b11df2c86030af0ac09b01b13ea9", size = 190490, upload-time = "2024-09-15T18:07:39.745Z" }
wheels = [
    { url = "https://files.pythonhosted.org/packages/76/c6/c88e154df9c4e1a2a66ccf0005a88dfb2650c1dffb6f5ce603dfbd452ce3/idna-3.10-py3-none-any.whl", hash = "sha256:946d195a0d259cbba61165e88e65941f16e9b36ea6ddb97f00452bae8b1287d3", size = 70442, upload-time = "2024-09-15T18:07:37.964Z" },
]

[[package]]
name = "latex2sympy2"
version = "1.9.1"
source = { registry = "https://pypi.org/simple" }
dependencies = [
    { name = "antlr4-python3-runtime" },
    { name = "sympy" },
]
wheels = [
    { url = "https://files.pythonhosted.org/packages/0c/9e/4520682ab29a9219f1845643fdc75f1453bebf4b602c6e4421579de1f05d/latex2sympy2-1.9.1-py3-none-any.whl", hash = "sha256:44f24d263d235164a91173167a30d449f4360e3f0a59239ce6b843c50a41c601", size = 89798, upload-time = "2023-04-23T07:44:11.064Z" },
]

[[package]]
name = "loguru"
version = "0.7.3"
source = { registry = "https://pypi.org/simple" }
dependencies = [
    { name = "colorama", marker = "sys_platform == 'win32'" },
    { name = "win32-setctime", marker = "sys_platform == 'win32'" },
]
sdist = { url = "https://files.pythonhosted.org/packages/3a/05/a1dae3dffd1116099471c643b8924f5aa6524411dc6c63fdae648c4f1aca/loguru-0.7.3.tar.gz", hash = "sha256:19480589e77d47b8d85b2c827ad95d49bf31b0dcde16593892eb51dd18706eb6", size = 63559, upload-time = "2024-12-06T11:20:56.608Z" }
wheels = [
    { url = "https://files.pythonhosted.org/packages/0c/29/0348de65b8cc732daa3e33e67806420b2ae89bdce2b04af740289c5c6c8c/loguru-0.7.3-py3-none-any.whl", hash = "sha256:31a33c10c8e1e10422bfd431aeb5d351c7cf7fa671e3c4df004162264b28220c", size = 61595, upload-time = "2024-12-06T11:20:54.538Z" },
]

[[package]]
name = "mpmath"
version = "1.3.0"
source = { registry = "https://pypi.org/simple" }
sdist = { url = "https://files.pythonhosted.org/packages/e0/47/dd32fa426cc72114383ac549964eecb20ecfd886d1e5ccf5340b55b02f57/mpmath-1.3.0.tar.gz", hash = "sha256:7a28eb2a9774d00c7bc92411c19a89209d5da7c4c9a9e227be8330a23a25b91f", size = 508106, upload-time = "2023-03-07T16:47:11.061Z" }
wheels = [
    { url = "https://files.pythonhosted.org/packages/43/e3/7d92a15f894aa0c9c4b49b8ee9ac9850d6e63b03c9c32c0367a13ae62209/mpmath-1.3.0-py3-none-any.whl", hash = "sha256:a0b2b9fe80bbcd81a6647ff13108738cfb482d481d826cc0e02f5b35e5c88d2c", size = 536198, upload-time = "2023-03-07T16:47:09.197Z" },
]

[[package]]
name = "protobuf"
version = "6.31.1"
source = { registry = "https://pypi.org/simple" }
sdist = { url = "https://files.pythonhosted.org/packages/52/f3/b9655a711b32c19720253f6f06326faf90580834e2e83f840472d752bc8b/protobuf-6.31.1.tar.gz", hash = "sha256:d8cac4c982f0b957a4dc73a80e2ea24fab08e679c0de9deb835f4a12d69aca9a", size = 441797, upload-time = "2025-05-28T19:25:54.947Z" }
wheels = [
    { url = "https://files.pythonhosted.org/packages/f3/6f/6ab8e4bf962fd5570d3deaa2d5c38f0a363f57b4501047b5ebeb83ab1125/protobuf-6.31.1-cp310-abi3-win32.whl", hash = "sha256:7fa17d5a29c2e04b7d90e5e32388b8bfd0e7107cd8e616feef7ed3fa6bdab5c9", size = 423603, upload-time = "2025-05-28T19:25:41.198Z" },
    { url = "https://files.pythonhosted.org/packages/44/3a/b15c4347dd4bf3a1b0ee882f384623e2063bb5cf9fa9d57990a4f7df2fb6/protobuf-6.31.1-cp310-abi3-win_amd64.whl", hash = "sha256:426f59d2964864a1a366254fa703b8632dcec0790d8862d30034d8245e1cd447", size = 435283, upload-time = "2025-05-28T19:25:44.275Z" },
    { url = "https://files.pythonhosted.org/packages/6a/c9/b9689a2a250264a84e66c46d8862ba788ee7a641cdca39bccf64f59284b7/protobuf-6.31.1-cp39-abi3-macosx_10_9_universal2.whl", hash = "sha256:6f1227473dc43d44ed644425268eb7c2e488ae245d51c6866d19fe158e207402", size = 425604, upload-time = "2025-05-28T19:25:45.702Z" },
    { url = "https://files.pythonhosted.org/packages/76/a1/7a5a94032c83375e4fe7e7f56e3976ea6ac90c5e85fac8576409e25c39c3/protobuf-6.31.1-cp39-abi3-manylinux2014_aarch64.whl", hash = "sha256:a40fc12b84c154884d7d4c4ebd675d5b3b5283e155f324049ae396b95ddebc39", size = 322115, upload-time = "2025-05-28T19:25:47.128Z" },
    { url = "https://files.pythonhosted.org/packages/fa/b1/b59d405d64d31999244643d88c45c8241c58f17cc887e73bcb90602327f8/protobuf-6.31.1-cp39-abi3-manylinux2014_x86_64.whl", hash = "sha256:4ee898bf66f7a8b0bd21bce523814e6fbd8c6add948045ce958b73af7e8878c6", size = 321070, upload-time = "2025-05-28T19:25:50.036Z" },
    { url = "https://files.pythonhosted.org/packages/f7/af/ab3c51ab7507a7325e98ffe691d9495ee3d3aa5f589afad65ec920d39821/protobuf-6.31.1-py3-none-any.whl", hash = "sha256:720a6c7e6b77288b85063569baae8536671b39f15cc22037ec7045658d80489e", size = 168724, upload-time = "2025-05-28T19:25:53.926Z" },
]

[[package]]
name = "pydantic"
version = "2.11.5"
source = { registry = "https://pypi.org/simple" }
dependencies = [
    { name = "annotated-types" },
    { name = "pydantic-core" },
    { name = "typing-extensions" },
    { name = "typing-inspection" },
]
sdist = { url = "https://files.pythonhosted.org/packages/f0/86/8ce9040065e8f924d642c58e4a344e33163a07f6b57f836d0d734e0ad3fb/pydantic-2.11.5.tar.gz", hash = "sha256:7f853db3d0ce78ce8bbb148c401c2cdd6431b3473c0cdff2755c7690952a7b7a", size = 787102, upload-time = "2025-05-22T21:18:08.761Z" }
wheels = [
    { url = "https://files.pythonhosted.org/packages/b5/69/831ed22b38ff9b4b64b66569f0e5b7b97cf3638346eb95a2147fdb49ad5f/pydantic-2.11.5-py3-none-any.whl", hash = "sha256:f9c26ba06f9747749ca1e5c94d6a85cb84254577553c8785576fd38fa64dc0f7", size = 444229, upload-time = "2025-05-22T21:18:06.329Z" },
]

[[package]]
name = "pydantic-core"
version = "2.33.2"
source = { registry = "https://pypi.org/simple" }
dependencies = [
    { name = "typing-extensions" },
]
sdist = { url = "https://files.pythonhosted.org/packages/ad/88/5f2260bdfae97aabf98f1778d43f69574390ad787afb646292a638c923d4/pydantic_core-2.33.2.tar.gz", hash = "sha256:7cb8bc3605c29176e1b105350d2e6474142d7c1bd1d9327c4a9bdb46bf827acc", size = 435195, upload-time = "2025-04-23T18:33:52.104Z" }
wheels = [
    { url = "https://files.pythonhosted.org/packages/18/8a/2b41c97f554ec8c71f2a8a5f85cb56a8b0956addfe8b0efb5b3d77e8bdc3/pydantic_core-2.33.2-cp312-cp312-macosx_10_12_x86_64.whl", hash = "sha256:a7ec89dc587667f22b6a0b6579c249fca9026ce7c333fc142ba42411fa243cdc", size = 2009000, upload-time = "2025-04-23T18:31:25.863Z" },
    { url = "https://files.pythonhosted.org/packages/a1/02/6224312aacb3c8ecbaa959897af57181fb6cf3a3d7917fd44d0f2917e6f2/pydantic_core-2.33.2-cp312-cp312-macosx_11_0_arm64.whl", hash = "sha256:3c6db6e52c6d70aa0d00d45cdb9b40f0433b96380071ea80b09277dba021ddf7", size = 1847996, upload-time = "2025-04-23T18:31:27.341Z" },
    { url = "https://files.pythonhosted.org/packages/d6/46/6dcdf084a523dbe0a0be59d054734b86a981726f221f4562aed313dbcb49/pydantic_core-2.33.2-cp312-cp312-manylinux_2_17_aarch64.manylinux2014_aarch64.whl", hash = "sha256:4e61206137cbc65e6d5256e1166f88331d3b6238e082d9f74613b9b765fb9025", size = 1880957, upload-time = "2025-04-23T18:31:28.956Z" },
    { url = "https://files.pythonhosted.org/packages/ec/6b/1ec2c03837ac00886ba8160ce041ce4e325b41d06a034adbef11339ae422/pydantic_core-2.33.2-cp312-cp312-manylinux_2_17_armv7l.manylinux2014_armv7l.whl", hash = "sha256:eb8c529b2819c37140eb51b914153063d27ed88e3bdc31b71198a198e921e011", size = 1964199, upload-time = "2025-04-23T18:31:31.025Z" },
    { url = "https://files.pythonhosted.org/packages/2d/1d/6bf34d6adb9debd9136bd197ca72642203ce9aaaa85cfcbfcf20f9696e83/pydantic_core-2.33.2-cp312-cp312-manylinux_2_17_ppc64le.manylinux2014_ppc64le.whl", hash = "sha256:c52b02ad8b4e2cf14ca7b3d918f3eb0ee91e63b3167c32591e57c4317e134f8f", size = 2120296, upload-time = "2025-04-23T18:31:32.514Z" },
    { url = "https://files.pythonhosted.org/packages/e0/94/2bd0aaf5a591e974b32a9f7123f16637776c304471a0ab33cf263cf5591a/pydantic_core-2.33.2-cp312-cp312-manylinux_2_17_s390x.manylinux2014_s390x.whl", hash = "sha256:96081f1605125ba0855dfda83f6f3df5ec90c61195421ba72223de35ccfb2f88", size = 2676109, upload-time = "2025-04-23T18:31:33.958Z" },
    { url = "https://files.pythonhosted.org/packages/f9/41/4b043778cf9c4285d59742281a769eac371b9e47e35f98ad321349cc5d61/pydantic_core-2.33.2-cp312-cp312-manylinux_2_17_x86_64.manylinux2014_x86_64.whl", hash = "sha256:8f57a69461af2a5fa6e6bbd7a5f60d3b7e6cebb687f55106933188e79ad155c1", size = 2002028, upload-time = "2025-04-23T18:31:39.095Z" },
    { url = "https://files.pythonhosted.org/packages/cb/d5/7bb781bf2748ce3d03af04d5c969fa1308880e1dca35a9bd94e1a96a922e/pydantic_core-2.33.2-cp312-cp312-manylinux_2_5_i686.manylinux1_i686.whl", hash = "sha256:572c7e6c8bb4774d2ac88929e3d1f12bc45714ae5ee6d9a788a9fb35e60bb04b", size = 2100044, upload-time = "2025-04-23T18:31:41.034Z" },
    { url = "https://files.pythonhosted.org/packages/fe/36/def5e53e1eb0ad896785702a5bbfd25eed546cdcf4087ad285021a90ed53/pydantic_core-2.33.2-cp312-cp312-musllinux_1_1_aarch64.whl", hash = "sha256:db4b41f9bd95fbe5acd76d89920336ba96f03e149097365afe1cb092fceb89a1", size = 2058881, upload-time = "2025-04-23T18:31:42.757Z" },
    { url = "https://files.pythonhosted.org/packages/01/6c/57f8d70b2ee57fc3dc8b9610315949837fa8c11d86927b9bb044f8705419/pydantic_core-2.33.2-cp312-cp312-musllinux_1_1_armv7l.whl", hash = "sha256:fa854f5cf7e33842a892e5c73f45327760bc7bc516339fda888c75ae60edaeb6", size = 2227034, upload-time = "2025-04-23T18:31:44.304Z" },
    { url = "https://files.pythonhosted.org/packages/27/b9/9c17f0396a82b3d5cbea4c24d742083422639e7bb1d5bf600e12cb176a13/pydantic_core-2.33.2-cp312-cp312-musllinux_1_1_x86_64.whl", hash = "sha256:5f483cfb75ff703095c59e365360cb73e00185e01aaea067cd19acffd2ab20ea", size = 2234187, upload-time = "2025-04-23T18:31:45.891Z" },
    { url = "https://files.pythonhosted.org/packages/b0/6a/adf5734ffd52bf86d865093ad70b2ce543415e0e356f6cacabbc0d9ad910/pydantic_core-2.33.2-cp312-cp312-win32.whl", hash = "sha256:9cb1da0f5a471435a7bc7e439b8a728e8b61e59784b2af70d7c169f8dd8ae290", size = 1892628, upload-time = "2025-04-23T18:31:47.819Z" },
    { url = "https://files.pythonhosted.org/packages/43/e4/5479fecb3606c1368d496a825d8411e126133c41224c1e7238be58b87d7e/pydantic_core-2.33.2-cp312-cp312-win_amd64.whl", hash = "sha256:f941635f2a3d96b2973e867144fde513665c87f13fe0e193c158ac51bfaaa7b2", size = 1955866, upload-time = "2025-04-23T18:31:49.635Z" },
    { url = "https://files.pythonhosted.org/packages/0d/24/8b11e8b3e2be9dd82df4b11408a67c61bb4dc4f8e11b5b0fc888b38118b5/pydantic_core-2.33.2-cp312-cp312-win_arm64.whl", hash = "sha256:cca3868ddfaccfbc4bfb1d608e2ccaaebe0ae628e1416aeb9c4d88c001bb45ab", size = 1888894, upload-time = "2025-04-23T18:31:51.609Z" },
    { url = "https://files.pythonhosted.org/packages/46/8c/99040727b41f56616573a28771b1bfa08a3d3fe74d3d513f01251f79f172/pydantic_core-2.33.2-cp313-cp313-macosx_10_12_x86_64.whl", hash = "sha256:1082dd3e2d7109ad8b7da48e1d4710c8d06c253cbc4a27c1cff4fbcaa97a9e3f", size = 2015688, upload-time = "2025-04-23T18:31:53.175Z" },
    { url = "https://files.pythonhosted.org/packages/3a/cc/5999d1eb705a6cefc31f0b4a90e9f7fc400539b1a1030529700cc1b51838/pydantic_core-2.33.2-cp313-cp313-macosx_11_0_arm64.whl", hash = "sha256:f517ca031dfc037a9c07e748cefd8d96235088b83b4f4ba8939105d20fa1dcd6", size = 1844808, upload-time = "2025-04-23T18:31:54.79Z" },
    { url = "https://files.pythonhosted.org/packages/6f/5e/a0a7b8885c98889a18b6e376f344da1ef323d270b44edf8174d6bce4d622/pydantic_core-2.33.2-cp313-cp313-manylinux_2_17_aarch64.manylinux2014_aarch64.whl", hash = "sha256:0a9f2c9dd19656823cb8250b0724ee9c60a82f3cdf68a080979d13092a3b0fef", size = 1885580, upload-time = "2025-04-23T18:31:57.393Z" },
    { url = "https://files.pythonhosted.org/packages/3b/2a/953581f343c7d11a304581156618c3f592435523dd9d79865903272c256a/pydantic_core-2.33.2-cp313-cp313-manylinux_2_17_armv7l.manylinux2014_armv7l.whl", hash = "sha256:2b0a451c263b01acebe51895bfb0e1cc842a5c666efe06cdf13846c7418caa9a", size = 1973859, upload-time = "2025-04-23T18:31:59.065Z" },
    { url = "https://files.pythonhosted.org/packages/e6/55/f1a813904771c03a3f97f676c62cca0c0a4138654107c1b61f19c644868b/pydantic_core-2.33.2-cp313-cp313-manylinux_2_17_ppc64le.manylinux2014_ppc64le.whl", hash = "sha256:1ea40a64d23faa25e62a70ad163571c0b342b8bf66d5fa612ac0dec4f069d916", size = 2120810, upload-time = "2025-04-23T18:32:00.78Z" },
    { url = "https://files.pythonhosted.org/packages/aa/c3/053389835a996e18853ba107a63caae0b9deb4a276c6b472931ea9ae6e48/pydantic_core-2.33.2-cp313-cp313-manylinux_2_17_s390x.manylinux2014_s390x.whl", hash = "sha256:0fb2d542b4d66f9470e8065c5469ec676978d625a8b7a363f07d9a501a9cb36a", size = 2676498, upload-time = "2025-04-23T18:32:02.418Z" },
    { url = "https://files.pythonhosted.org/packages/eb/3c/f4abd740877a35abade05e437245b192f9d0ffb48bbbbd708df33d3cda37/pydantic_core-2.33.2-cp313-cp313-manylinux_2_17_x86_64.manylinux2014_x86_64.whl", hash = "sha256:9fdac5d6ffa1b5a83bca06ffe7583f5576555e6c8b3a91fbd25ea7780f825f7d", size = 2000611, upload-time = "2025-04-23T18:32:04.152Z" },
    { url = "https://files.pythonhosted.org/packages/59/a7/63ef2fed1837d1121a894d0ce88439fe3e3b3e48c7543b2a4479eb99c2bd/pydantic_core-2.33.2-cp313-cp313-manylinux_2_5_i686.manylinux1_i686.whl", hash = "sha256:04a1a413977ab517154eebb2d326da71638271477d6ad87a769102f7c2488c56", size = 2107924, upload-time = "2025-04-23T18:32:06.129Z" },
    { url = "https://files.pythonhosted.org/packages/04/8f/2551964ef045669801675f1cfc3b0d74147f4901c3ffa42be2ddb1f0efc4/pydantic_core-2.33.2-cp313-cp313-musllinux_1_1_aarch64.whl", hash = "sha256:c8e7af2f4e0194c22b5b37205bfb293d166a7344a5b0d0eaccebc376546d77d5", size = 2063196, upload-time = "2025-04-23T18:32:08.178Z" },
    { url = "https://files.pythonhosted.org/packages/26/bd/d9602777e77fc6dbb0c7db9ad356e9a985825547dce5ad1d30ee04903918/pydantic_core-2.33.2-cp313-cp313-musllinux_1_1_armv7l.whl", hash = "sha256:5c92edd15cd58b3c2d34873597a1e20f13094f59cf88068adb18947df5455b4e", size = 2236389, upload-time = "2025-04-23T18:32:10.242Z" },
    { url = "https://files.pythonhosted.org/packages/42/db/0e950daa7e2230423ab342ae918a794964b053bec24ba8af013fc7c94846/pydantic_core-2.33.2-cp313-cp313-musllinux_1_1_x86_64.whl", hash = "sha256:65132b7b4a1c0beded5e057324b7e16e10910c106d43675d9bd87d4f38dde162", size = 2239223, upload-time = "2025-04-23T18:32:12.382Z" },
    { url = "https://files.pythonhosted.org/packages/58/4d/4f937099c545a8a17eb52cb67fe0447fd9a373b348ccfa9a87f141eeb00f/pydantic_core-2.33.2-cp313-cp313-win32.whl", hash = "sha256:52fb90784e0a242bb96ec53f42196a17278855b0f31ac7c3cc6f5c1ec4811849", size = 1900473, upload-time = "2025-04-23T18:32:14.034Z" },
    { url = "https://files.pythonhosted.org/packages/a0/75/4a0a9bac998d78d889def5e4ef2b065acba8cae8c93696906c3a91f310ca/pydantic_core-2.33.2-cp313-cp313-win_amd64.whl", hash = "sha256:c083a3bdd5a93dfe480f1125926afcdbf2917ae714bdb80b36d34318b2bec5d9", size = 1955269, upload-time = "2025-04-23T18:32:15.783Z" },
    { url = "https://files.pythonhosted.org/packages/f9/86/1beda0576969592f1497b4ce8e7bc8cbdf614c352426271b1b10d5f0aa64/pydantic_core-2.33.2-cp313-cp313-win_arm64.whl", hash = "sha256:e80b087132752f6b3d714f041ccf74403799d3b23a72722ea2e6ba2e892555b9", size = 1893921, upload-time = "2025-04-23T18:32:18.473Z" },
    { url = "https://files.pythonhosted.org/packages/a4/7d/e09391c2eebeab681df2b74bfe6c43422fffede8dc74187b2b0bf6fd7571/pydantic_core-2.33.2-cp313-cp313t-macosx_11_0_arm64.whl", hash = "sha256:61c18fba8e5e9db3ab908620af374db0ac1baa69f0f32df4f61ae23f15e586ac", size = 1806162, upload-time = "2025-04-23T18:32:20.188Z" },
    { url = "https://files.pythonhosted.org/packages/f1/3d/847b6b1fed9f8ed3bb95a9ad04fbd0b212e832d4f0f50ff4d9ee5a9f15cf/pydantic_core-2.33.2-cp313-cp313t-manylinux_2_17_x86_64.manylinux2014_x86_64.whl", hash = "sha256:95237e53bb015f67b63c91af7518a62a8660376a6a0db19b89acc77a4d6199f5", size = 1981560, upload-time = "2025-04-23T18:32:22.354Z" },
    { url = "https://files.pythonhosted.org/packages/6f/9a/e73262f6c6656262b5fdd723ad90f518f579b7bc8622e43a942eec53c938/pydantic_core-2.33.2-cp313-cp313t-win_amd64.whl", hash = "sha256:c2fc0a768ef76c15ab9238afa6da7f69895bb5d1ee83aeea2e3509af4472d0b9", size = 1935777, upload-time = "2025-04-23T18:32:25.088Z" },
]

[[package]]
name = "service-mathsolve"
version = "0.0.1"
source = { virtual = "." }
dependencies = [
    { name = "fastapi" },
    { name = "grpcio-reflection" },
    { name = "grpcio-tools" },
    { name = "latex2sympy2" },
    { name = "loguru" },
    { name = "mpmath" },
    { name = "pydantic" },
    { name = "sympy" },
    { name = "toml" },
    { name = "uvicorn" },
]

[package.metadata]
requires-dist = [
    { name = "fastapi", specifier = "==0.115.12" },
    { name = "grpcio-reflection" },
    { name = "grpcio-tools" },
    { name = "latex2sympy2", specifier = "==1.9.1" },
    { name = "loguru", specifier = "==0.7.3" },
    { name = "mpmath", specifier = "==1.3.0" },
    { name = "pydantic", specifier = "==2.11.5" },
    { name = "sympy", specifier = "==1.14.0" },
    { name = "toml", specifier = "==0.10.2" },
    { name = "uvicorn", specifier = "==0.34.2" },
]

[[package]]
name = "setuptools"
version = "80.9.0"
source = { registry = "https://pypi.org/simple" }
sdist = { url = "https://files.pythonhosted.org/packages/18/5d/3bf57dcd21979b887f014ea83c24ae194cfcd12b9e0fda66b957c69d1fca/setuptools-80.9.0.tar.gz", hash = "sha256:f36b47402ecde768dbfafc46e8e4207b4360c654f1f3bb84475f0a28628fb19c", size = 1319958, upload-time = "2025-05-27T00:56:51.443Z" }
wheels = [
    { url = "https://files.pythonhosted.org/packages/a3/dc/17031897dae0efacfea57dfd3a82fdd2a2aeb58e0ff71b77b87e44edc772/setuptools-80.9.0-py3-none-any.whl", hash = "sha256:062d34222ad13e0cc312a4c02d73f059e86a4acbfbdea8f8f76b28c99f306922", size = 1201486, upload-time = "2025-05-27T00:56:49.664Z" },
]

[[package]]
name = "sniffio"
version = "1.3.1"
source = { registry = "https://pypi.org/simple" }
sdist = { url = "https://files.pythonhosted.org/packages/a2/87/a6771e1546d97e7e041b6ae58d80074f81b7d5121207425c964ddf5cfdbd/sniffio-1.3.1.tar.gz", hash = "sha256:f4324edc670a0f49750a81b895f35c3adb843cca46f0530f79fc1babb23789dc", size = 20372, upload-time = "2024-02-25T23:20:04.057Z" }
wheels = [
    { url = "https://files.pythonhosted.org/packages/e9/44/75a9c9421471a6c4805dbf2356f7c181a29c1879239abab1ea2cc8f38b40/sniffio-1.3.1-py3-none-any.whl", hash = "sha256:2f6da418d1f1e0fddd844478f41680e794e6051915791a034ff65e5f100525a2", size = 10235, upload-time = "2024-02-25T23:20:01.196Z" },
]

[[package]]
name = "starlette"
version = "0.46.2"
source = { registry = "https://pypi.org/simple" }
dependencies = [
    { name = "anyio" },
]
sdist = { url = "https://files.pythonhosted.org/packages/ce/20/08dfcd9c983f6a6f4a1000d934b9e6d626cff8d2eeb77a89a68eef20a2b7/starlette-0.46.2.tar.gz", hash = "sha256:7f7361f34eed179294600af672f565727419830b54b7b084efe44bb82d2fccd5", size = 2580846, upload-time = "2025-04-13T13:56:17.942Z" }
wheels = [
    { url = "https://files.pythonhosted.org/packages/8b/0c/9d30a4ebeb6db2b25a841afbb80f6ef9a854fc3b41be131d249a977b4959/starlette-0.46.2-py3-none-any.whl", hash = "sha256:595633ce89f8ffa71a015caed34a5b2dc1c0cdb3f0f1fbd1e69339cf2abeec35", size = 72037, upload-time = "2025-04-13T13:56:16.21Z" },
]

[[package]]
name = "sympy"
version = "1.14.0"
source = { registry = "https://pypi.org/simple" }
dependencies = [
    { name = "mpmath" },
]
sdist = { url = "https://files.pythonhosted.org/packages/83/d3/803453b36afefb7c2bb238361cd4ae6125a569b4db67cd9e79846ba2d68c/sympy-1.14.0.tar.gz", hash = "sha256:d3d3fe8df1e5a0b42f0e7bdf50541697dbe7d23746e894990c030e2b05e72517", size = 7793921, upload-time = "2025-04-27T18:05:01.611Z" }
wheels = [
    { url = "https://files.pythonhosted.org/packages/a2/09/77d55d46fd61b4a135c444fc97158ef34a095e5681d0a6c10b75bf356191/sympy-1.14.0-py3-none-any.whl", hash = "sha256:e091cc3e99d2141a0ba2847328f5479b05d94a6635cb96148ccb3f34671bd8f5", size = 6299353, upload-time = "2025-04-27T18:04:59.103Z" },
]

[[package]]
name = "toml"
version = "0.10.2"
source = { registry = "https://pypi.org/simple" }
sdist = { url = "https://files.pythonhosted.org/packages/be/ba/1f744cdc819428fc6b5084ec34d9b30660f6f9daaf70eead706e3203ec3c/toml-0.10.2.tar.gz", hash = "sha256:b3bda1d108d5dd99f4a20d24d9c348e91c4db7ab1b749200bded2f839ccbe68f", size = 22253, upload-time = "2020-11-01T01:40:22.204Z" }
wheels = [
    { url = "https://files.pythonhosted.org/packages/44/6f/7120676b6d73228c96e17f1f794d8ab046fc910d781c8d151120c3f1569e/toml-0.10.2-py2.py3-none-any.whl", hash = "sha256:806143ae5bfb6a3c6e736a764057db0e6a0e05e338b5630894a5f779cabb4f9b", size = 16588, upload-time = "2020-11-01T01:40:20.672Z" },
]

[[package]]
name = "typing-extensions"
version = "4.13.2"
source = { registry = "https://pypi.org/simple" }
sdist = { url = "https://files.pythonhosted.org/packages/f6/37/23083fcd6e35492953e8d2aaaa68b860eb422b34627b13f2ce3eb6106061/typing_extensions-4.13.2.tar.gz", hash = "sha256:e6c81219bd689f51865d9e372991c540bda33a0379d5573cddb9a3a23f7caaef", size = 106967, upload-time = "2025-04-10T14:19:05.416Z" }
wheels = [
    { url = "https://files.pythonhosted.org/packages/8b/54/b1ae86c0973cc6f0210b53d508ca3641fb6d0c56823f288d108bc7ab3cc8/typing_extensions-4.13.2-py3-none-any.whl", hash = "sha256:a439e7c04b49fec3e5d3e2beaa21755cadbbdc391694e28ccdd36ca4a1408f8c", size = 45806, upload-time = "2025-04-10T14:19:03.967Z" },
]

[[package]]
name = "typing-inspection"
version = "0.4.1"
source = { registry = "https://pypi.org/simple" }
dependencies = [
    { name = "typing-extensions" },
]
sdist = { url = "https://files.pythonhosted.org/packages/f8/b1/0c11f5058406b3af7609f121aaa6b609744687f1d158b3c3a5bf4cc94238/typing_inspection-0.4.1.tar.gz", hash = "sha256:6ae134cc0203c33377d43188d4064e9b357dba58cff3185f22924610e70a9d28", size = 75726, upload-time = "2025-05-21T18:55:23.885Z" }
wheels = [
    { url = "https://files.pythonhosted.org/packages/17/69/cd203477f944c353c31bade965f880aa1061fd6bf05ded0726ca845b6ff7/typing_inspection-0.4.1-py3-none-any.whl", hash = "sha256:389055682238f53b04f7badcb49b989835495a96700ced5dab2d8feae4b26f51", size = 14552, upload-time = "2025-05-21T18:55:22.152Z" },
]

[[package]]
name = "uvicorn"
version = "0.34.2"
source = { registry = "https://pypi.org/simple" }
dependencies = [
    { name = "click" },
    { name = "h11" },
]
sdist = { url = "https://files.pythonhosted.org/packages/a6/ae/9bbb19b9e1c450cf9ecaef06463e40234d98d95bf572fab11b4f19ae5ded/uvicorn-0.34.2.tar.gz", hash = "sha256:0e929828f6186353a80b58ea719861d2629d766293b6d19baf086ba31d4f3328", size = 76815, upload-time = "2025-04-19T06:02:50.101Z" }
wheels = [
    { url = "https://files.pythonhosted.org/packages/b1/4b/4cef6ce21a2aaca9d852a6e84ef4f135d99fcd74fa75105e2fc0c8308acd/uvicorn-0.34.2-py3-none-any.whl", hash = "sha256:deb49af569084536d269fe0a6d67e3754f104cf03aba7c11c40f01aadf33c403", size = 62483, upload-time = "2025-04-19T06:02:48.42Z" },
]

[[package]]
name = "win32-setctime"
version = "1.2.0"
source = { registry = "https://pypi.org/simple" }
sdist = { url = "https://files.pythonhosted.org/packages/b3/8f/705086c9d734d3b663af0e9bb3d4de6578d08f46b1b101c2442fd9aecaa2/win32_setctime-1.2.0.tar.gz", hash = "sha256:ae1fdf948f5640aae05c511ade119313fb6a30d7eabe25fef9764dca5873c4c0", size = 4867, upload-time = "2024-12-07T15:28:28.314Z" }
wheels = [
    { url = "https://files.pythonhosted.org/packages/e1/07/c6fe3ad3e685340704d314d765b7912993bcb8dc198f0e7a89382d37974b/win32_setctime-1.2.0-py3-none-any.whl", hash = "sha256:95d644c4e708aba81dc3704a116d8cbc974d70b3bdb8be1d150e36be6e9d1390", size = 4083, upload-time = "2024-12-07T15:28:26.465Z" },
]
